lockfileVersion: '6.0'

settings:
  autoInstallPeers: true
  excludeLinksFromLockfile: false

devDependencies:
  '@faker-js/faker':
    specifier: ^8.4.1
    version: 8.4.1
  '@types/node':
    specifier: ^20.12.7
    version: 20.12.7
  json-server:
    specifier: 1.0.0-alpha.23
    version: 1.0.0-alpha.23
  ts-node:
    specifier: ^10.9.2
    version: 10.9.2(@types/node@20.12.7)(typescript@5.4.5)

packages:

  /@cspotcode/source-map-support@0.8.1:
    resolution: {integrity: sha512-IchNf6dN4tHoMFIn/7OE8LWZ19Y6q/67Bmf6vnGREv8RSbBVb9LPJxEcnwrcwX6ixSvaiGoomAUvu4YSxXrVgw==}
    engines: {node: '>=12'}
    dependencies:
      '@jridgewell/trace-mapping': 0.3.9
    dev: true

  /@faker-js/faker@8.4.1:
    resolution: {integrity: sha512-XQ3cU+Q8Uqmrbf2e0cIC/QN43sTBSC8KF12u29Mb47tWrt2hAgBXSgpZMj4Ao8Uk0iJcU99QsOCaIL8934obCg==}
    engines: {node: ^14.17.0 || ^16.13.0 || >=18.0.0, npm: '>=6.14.13'}
    dev: true

  /@jridgewell/resolve-uri@3.1.2:
    resolution: {integrity: sha512-bRISgCIjP20/tbWSPWMEi54QVPRZExkuD9lJL+UIxUKtwVJA8wW1Trb1jMs1RFXo1CBTNZ/5hpC9QvmKWdopKw==}
    engines: {node: '>=6.0.0'}
    dev: true

  /@jridgewell/sourcemap-codec@1.4.15:
    resolution: {integrity: sha512-eF2rxCRulEKXHTRiDrDy6erMYWqNw4LPdQ8UQA4huuxaQsVeRPFl2oM8oDGxMFhJUWZf9McpLtJasDDZb/Bpeg==}
    dev: true

  /@jridgewell/trace-mapping@0.3.9:
    resolution: {integrity: sha512-3Belt6tdc8bPgAtbcmdtNJlirVoTmEb5e2gC94PnkwEW9jI6CAHUeoG85tjWP5WquqfavoMtMwiG4P926ZKKuQ==}
    dependencies:
      '@jridgewell/resolve-uri': 3.1.2
      '@jridgewell/sourcemap-codec': 1.4.15
    dev: true

  /@polka/url@1.0.0-next.25:
    resolution: {integrity: sha512-j7P6Rgr3mmtdkeDGTe0E/aYyWEWVtc5yFXtHCRHs28/jptDEWfaVOc5T7cblqy1XKPPfCxJc/8DwQ5YgLOZOVQ==}
    dev: true

  /@tinyhttp/accepts@2.2.1:
    resolution: {integrity: sha512-2DHJLSJX1gqR5F6nKuu7+hyCNoPRNOxvnQ11m0X8klkSVoBFBO2HMf3bJ8P+fmNv1e6RjHzHF+G+hJ3dxXIQXQ==}
    engines: {node: '>=12.20.0'}
    dependencies:
      mime: 4.0.1
      negotiator: 0.6.3
    dev: true

  /@tinyhttp/app@2.2.3:
    resolution: {integrity: sha512-njr499Tx9BwlnIGfJjTuqfPwaUSTsjhUeRq/jVtHJpS95UgWECH7kiq8+bEx6TFRXiNKpARZ6KJUemlMyV+iCg==}
    engines: {node: '>=14.21.3'}
    dependencies:
      '@tinyhttp/cookie': 2.1.0
      '@tinyhttp/proxy-addr': 2.1.3
      '@tinyhttp/req': 2.2.2
      '@tinyhttp/res': 2.2.2
      '@tinyhttp/router': 2.2.2
      header-range-parser: 1.1.3
      regexparam: 2.0.2
    dev: true

  /@tinyhttp/content-disposition@2.2.0:
    resolution: {integrity: sha512-w1dJaSAtcCinOlT/YQg35RnFCOBbCHBGDVhH4yLoiJVtecRAJ2cYMf5HP+UhfbXURa38GC8fkRXO0vODDTjmeg==}
    engines: {node: '>=12.20.0'}
    dev: true

  /@tinyhttp/content-type@0.1.4:
    resolution: {integrity: sha512-dl6f3SHIJPYbhsW1oXdrqOmLSQF/Ctlv3JnNfXAE22kIP7FosqJHxkz/qj2gv465prG8ODKH5KEyhBkvwrueKQ==}
    engines: {node: '>=12.4'}
    dev: true

  /@tinyhttp/cookie-signature@2.1.0:
    resolution: {integrity: sha512-bpOXBGf9rKoajtEG75O7xjwW+u2I/NNPkJWJTDdr6j7Vx0lG5R9Hnl3ty80Af4jwyo90ywXVpZIxKLubPK6RzA==}
    engines: {node: '>=12.20.0'}
    dev: true

  /@tinyhttp/cookie@2.1.0:
    resolution: {integrity: sha512-o56utxXvIuLTCtPm66r8lcyUufpw0RkO+u4wQrTbc6snyyGZZ9hHzGRxPyko0ks90ctOkLh0mNKn7YZaTWlvfw==}
    engines: {node: '>=12.20.0'}
    dev: true

  /@tinyhttp/cors@2.0.0:
    resolution: {integrity: sha512-IwQsPBnK+gRrhTsPA4FPOfbNzZZt8cVsOIMNFb6HzoScaiWcoLEogL0Bz/aBSm8KM13uieVXoVT6udMqhqUS2A==}
    engines: {node: '>=12.4 || 14.x || >=16'}
    dependencies:
      es-vary: 0.1.2
    dev: true

  /@tinyhttp/encode-url@2.1.1:
    resolution: {integrity: sha512-AhY+JqdZ56qV77tzrBm0qThXORbsVjs/IOPgGCS7x/wWnsa/Bx30zDUU/jPAUcSzNOzt860x9fhdGpzdqbUeUw==}
    engines: {node: '>=12.20.0'}
    dev: true

  /@tinyhttp/etag@2.1.1:
    resolution: {integrity: sha512-AcHGK1nMlKIHmlbg8bb8UY/KhiaAX17SAn3/6wlgwwdX4UizA8HETDfCH3KLdu2ZASokynuwVFNDJCo1DAawGw==}
    engines: {node: '>=12.20.0'}
    dev: true

  /@tinyhttp/forwarded@2.1.2:
    resolution: {integrity: sha512-9H/eulJ68ElY/+zYpTpNhZ7vxGV+cnwaR6+oQSm7bVgZMyuQfgROW/qvZuhmgDTIxnGMXst+Ba4ij6w6Krcs3w==}
    engines: {node: '>=12.20.0'}
    dev: true

  /@tinyhttp/proxy-addr@2.1.3:
    resolution: {integrity: sha512-Z0Q/0wEJpvall7LlBezXDy96CXLzPZb6xJawwEgsMXXQhmjb+r3EkpCBwMrWm2GlbJFL/UxKxpdumiNW3Ne06g==}
    engines: {node: '>=12.20.0'}
    dependencies:
      '@tinyhttp/forwarded': 2.1.2
      ipaddr.js: 2.2.0
    dev: true

  /@tinyhttp/req@2.2.2:
    resolution: {integrity: sha512-LaL/RFRro0qjOQ0g3vxE6i9bWl9hhv9en7opykzLU4NimFPg2C8wl7Qkoyc0mDuoRMQmWpq730PDWXSUmLiT2A==}
    engines: {node: '>=12.20.0'}
    dependencies:
      '@tinyhttp/accepts': 2.2.1
      '@tinyhttp/type-is': 2.2.2
      '@tinyhttp/url': 2.1.1
      header-range-parser: 1.1.3
    dev: true

  /@tinyhttp/res@2.2.2:
    resolution: {integrity: sha512-YeEYFwozag2qO5xoTj1Df+d5l6MXUefxz3xbcJD6ASVqUQytTEYtOC0FjhQKLpTLjMJKlS4mkKmeIdDLFO9btg==}
    engines: {node: '>=12.20.0'}
    dependencies:
      '@tinyhttp/content-disposition': 2.2.0
      '@tinyhttp/cookie': 2.1.0
      '@tinyhttp/cookie-signature': 2.1.0
      '@tinyhttp/encode-url': 2.1.1
      '@tinyhttp/req': 2.2.2
      '@tinyhttp/send': 2.2.1
      '@tinyhttp/vary': 0.1.3
      es-escape-html: 0.1.1
      mime: 4.0.1
    dev: true

  /@tinyhttp/router@2.2.2:
    resolution: {integrity: sha512-i+1ouhPyTqcuJuOsKqmo7i+YD++0RF2lQLhBpcTnsaegD2gTEa3xW2Pcz7spYQGo7K8PQYtOrL7m9b14+BEXqg==}
    engines: {node: '>=12.20.0'}
    dev: true

  /@tinyhttp/send@2.2.1:
    resolution: {integrity: sha512-uFW0fxmYIPpB5RKP2vpL8QuafjUrCBmBWxZMIhFb7uBQky87t7x1QdpRB0vc+w11a2kok+Nc8ClD5kc6CRJCFg==}
    engines: {node: '>=12.20.0'}
    dependencies:
      '@tinyhttp/content-type': 0.1.4
      '@tinyhttp/etag': 2.1.1
      mime: 4.0.1
    dev: true

  /@tinyhttp/type-is@2.2.2:
    resolution: {integrity: sha512-DmTm0MkdrUxEPI2WBBoYJT0bitWx6+xeUd3lya1NGbKmYArzyUE+KVro/9y/h6Bxh+RaAKNeTCF4H/ksbe/ULQ==}
    engines: {node: '>=12.20.0'}
    dependencies:
      '@tinyhttp/content-type': 0.1.4
      mime: 4.0.1
    dev: true

  /@tinyhttp/url@2.1.1:
    resolution: {integrity: sha512-POJeq2GQ5jI7Zrdmj22JqOijB5/GeX+LEX7DUdml1hUnGbJOTWDx7zf2b5cCERj7RoXL67zTgyzVblBJC+NJWg==}
    engines: {node: '>=12.20.0'}
    dev: true

  /@tinyhttp/vary@0.1.3:
    resolution: {integrity: sha512-SoL83sQXAGiHN1jm2VwLUWQSQeDAAl1ywOm6T0b0Cg1CZhVsjoiZadmjhxF6FHCCY7OHHVaLnTgSMxTPIDLxMg==}
    engines: {node: '>=12.20'}
    dev: true

  /@tsconfig/node10@1.0.11:
    resolution: {integrity: sha512-DcRjDCujK/kCk/cUe8Xz8ZSpm8mS3mNNpta+jGCA6USEDfktlNvm1+IuZ9eTcDbNk41BHwpHHeW+N1lKCz4zOw==}
    dev: true

  /@tsconfig/node12@1.0.11:
    resolution: {integrity: sha512-cqefuRsh12pWyGsIoBKJA9luFu3mRxCA+ORZvA4ktLSzIuCUtWVxGIuXigEwO5/ywWFMZ2QEGKWvkZG1zDMTag==}
    dev: true

  /@tsconfig/node14@1.0.3:
    resolution: {integrity: sha512-ysT8mhdixWK6Hw3i1V2AeRqZ5WfXg1G43mqoYlM2nc6388Fq5jcXyr5mRsqViLx/GJYdoL0bfXD8nmF+Zn/Iow==}
    dev: true

  /@tsconfig/node16@1.0.4:
    resolution: {integrity: sha512-vxhUy4J8lyeyinH7Azl1pdd43GJhZH/tP2weN8TntQblOY+A0XbT8DJk1/oCPuOOyg/Ja757rG0CgHcWC8OfMA==}
    dev: true

  /@types/node@20.12.7:
    resolution: {integrity: sha512-wq0cICSkRLVaf3UGLMGItu/PtdY7oaXaI/RVU+xliKVOtRna3PRY57ZDfztpDL0n11vfymMUnXv8QwYCO7L1wg==}
    dependencies:
      undici-types: 5.26.5
    dev: true

  /acorn-walk@8.3.2:
    resolution: {integrity: sha512-cjkyv4OtNCIeqhHrfS81QWXoCBPExR/J62oyEqepVw8WaQeSqpW2uhuLPh1m9eWhDuOo/jUXVTlifvesOWp/4A==}
    engines: {node: '>=0.4.0'}
    dev: true

  /acorn@8.11.3:
    resolution: {integrity: sha512-Y9rRfJG5jcKOE0CLisYbojUjIrIEE7AGMzA/Sm4BslANhbS+cDMpgBdcPT91oJ7OuJ9hYJBx59RjbhxVnrF8Xg==}
    engines: {node: '>=0.4.0'}
    hasBin: true
    dev: true

  /anymatch@3.1.3:
    resolution: {integrity: sha512-KMReFUr0B4t+D+OBkjR3KYqvocp2XaSzO55UcB6mgQMd3KbcE+mWTyvVV7D/zsdEbNnV6acZUutkiHQXvTr1Rw==}
    engines: {node: '>= 8'}
    dependencies:
      normalize-path: 3.0.0
      picomatch: 2.3.1
    dev: true

  /arg@4.1.3:
    resolution: {integrity: sha512-58S9QDqG0Xx27YwPSt9fJxivjYl432YCwfDMfZ+71RAqUrZef7LrKQZ3LHLOwCS4FLNBplP533Zx895SeOCHvA==}
    dev: true

  /binary-extensions@2.3.0:
    resolution: {integrity: sha512-Ceh+7ox5qe7LJuLHoY0feh3pHuUDHAcRUeyL2VYghZwfpkNIy/+8Ocg0a3UuSoYzavmylwuLWQOf3hl0jjMMIw==}
    engines: {node: '>=8'}
    dev: true

  /braces@3.0.2:
    resolution: {integrity: sha512-b8um+L1RzM3WDSzvhm6gIz1yfTbBt6YTlcEKAvsmqCZZFw46z626lVj9j1yEPW33H5H+lBQpZMP1k8l+78Ha0A==}
    engines: {node: '>=8'}
    dependencies:
      fill-range: 7.0.1
    dev: true

  /chalk@5.3.0:
    resolution: {integrity: sha512-dLitG79d+GV1Nb/VYcCDFivJeK1hiukt9QjRNVOsUtTy1rR1YJsmpGGTZ3qJos+uw7WmWF4wUwBd9jxjocFC2w==}
    engines: {node: ^12.17.0 || ^14.13 || >=16.0.0}
    dev: true

  /chokidar@3.6.0:
    resolution: {integrity: sha512-7VT13fmjotKpGipCW9JEQAusEPE+Ei8nl6/g4FBAmIm0GOOLMua9NDDo/DWp0ZAxCr3cPq5ZpBqmPAQgDda2Pw==}
    engines: {node: '>= 8.10.0'}
    dependencies:
      anymatch: 3.1.3
      braces: 3.0.2
      glob-parent: 5.1.2
      is-binary-path: 2.1.0
      is-glob: 4.0.3
      normalize-path: 3.0.0
      readdirp: 3.6.0
    optionalDependencies:
      fsevents: 2.3.3
    dev: true

  /create-require@1.1.1:
    resolution: {integrity: sha512-dcKFX3jn0MpIaXjisoRvexIJVEKzaq7z2rZKxf+MSr9TkdmHmsU4m2lcLojrj/FHl8mk5VxMmYA+ftRkP/3oKQ==}
    dev: true

  /diff@4.0.2:
    resolution: {integrity: sha512-58lmxKSA4BNyLz+HHMUzlOEpg09FV+ev6ZMe3vJihgdxzgcwZ8VoEEPmALCZG9LmqfVoNMMKpttIYTVG6uDY7A==}
    engines: {node: '>=0.3.1'}
    dev: true

  /dot-prop@8.0.2:
    resolution: {integrity: sha512-xaBe6ZT4DHPkg0k4Ytbvn5xoxgpG0jOS1dYxSOwAHPuNLjP3/OzN0gH55SrLqpx8cBfSaVt91lXYkApjb+nYdQ==}
    engines: {node: '>=16'}
    dependencies:
      type-fest: 3.13.1
    dev: true

  /es-escape-html@0.1.1:
    resolution: {integrity: sha512-yUx1o+8RsG7UlszmYPtks+dm6Lho2m8lgHMOsLJQsFI0R8XwUJwiMhM1M4E/S8QLeGyf6MkDV/pWgjQ0tdTSyQ==}
    engines: {node: '>=12.x'}
    dev: true

  /es-vary@0.1.2:
    resolution: {integrity: sha512-pLqqZoOutAXQXyBJrUYVNM5fZngiOJYi1Xl4svQMrluTsqDUOQlBMw9EYgLrsWL6niDYn/Yd1y2Pj6GC+j/yjA==}
    engines: {node: '>=12.x'}
    dev: true

  /eta@3.4.0:
    resolution: {integrity: sha512-tCsc7WXTjrTx4ZjYLplcqrI3o4mYJ+Z6YspeuGL8tbt/hHoMchwBwtKfwM09svEY86iRapY93vUqQttcNuIO5Q==}
    engines: {node: '>=6.0.0'}
    dev: true

  /fill-range@7.0.1:
    resolution: {integrity: sha512-qOo9F+dMUmC2Lcb4BbVvnKJxTPjCm+RRpe4gDuGrzkL7mEVl/djYSu2OdQ2Pa302N4oqkSg9ir6jaLWJ2USVpQ==}
    engines: {node: '>=8'}
    dependencies:
      to-regex-range: 5.0.1
    dev: true

  /fsevents@2.3.3:
    resolution: {integrity: sha512-5xoDfX+fL7faATnagmWPpbFtwh/R77WmMMqqHGS65C3vvB0YHrgF+B1YmZ3441tMj5n63k0212XNoJwzlhffQw==}
    engines: {node: ^8.16.0 || ^10.6.0 || >=11.0.0}
    os: [darwin]
    requiresBuild: true
    dev: true
    optional: true

  /glob-parent@5.1.2:
    resolution: {integrity: sha512-AOIgSQCepiJYwP3ARnGx+5VnTu2HBYdzbGP45eLw1vr3zB3vZLeyed1sC9hnbcOc9/SrMyM5RPQrkGz4aS9Zow==}
    engines: {node: '>= 6'}
    dependencies:
      is-glob: 4.0.3
    dev: true

  /header-range-parser@1.1.3:
    resolution: {integrity: sha512-B9zCFt3jH8g09LR1vHL4pcAn8yMEtlSlOUdQemzHMRKMImNIhhszdeosYFfNW0WXKQtXIlWB+O4owHJKvEJYaA==}
    engines: {node: '>=12.22.0'}
    dev: true

  /inflection@3.0.0:
    resolution: {integrity: sha512-1zEJU1l19SgJlmwqsEyFTbScw/tkMHFenUo//Y0i+XEP83gDFdMvPizAD/WGcE+l1ku12PcTVHQhO6g5E0UCMw==}
    engines: {node: '>=18.0.0'}
    dev: true

  /ipaddr.js@2.2.0:
    resolution: {integrity: sha512-Ag3wB2o37wslZS19hZqorUnrnzSkpOVy+IiiDEiTqNubEYpYuHWIf6K4psgN2ZWKExS4xhVCrRVfb/wfW8fWJA==}
    engines: {node: '>= 10'}
    dev: true

  /is-binary-path@2.1.0:
    resolution: {integrity: sha512-ZMERYes6pDydyuGidse7OsHxtbI7WVeUEozgR/g7rd0xUimYNlvZRE/K2MgZTjWy725IfelLeVcEM97mmtRGXw==}
    engines: {node: '>=8'}
    dependencies:
      binary-extensions: 2.3.0
    dev: true

  /is-extglob@2.1.1:
    resolution: {integrity: sha512-SbKbANkN603Vi4jEZv49LeVJMn4yGwsbzZworEoyEiutsN3nJYdbO36zfhGJ6QEDpOZIFkDtnq5JRxmvl3jsoQ==}
    engines: {node: '>=0.10.0'}
    dev: true

  /is-glob@4.0.3:
    resolution: {integrity: sha512-xelSayHH36ZgE7ZWhli7pW34hNbNl8Ojv5KVmkJD4hBdD3th8Tfk9vYasLM+mXWOZhFkgZfxhLSnrwRr4elSSg==}
    engines: {node: '>=0.10.0'}
    dependencies:
      is-extglob: 2.1.1
    dev: true

  /is-number@7.0.0:
    resolution: {integrity: sha512-41Cifkg6e8TylSpdtTpeLVMqvSBEVzTttHvERD741+pnZ8ANv0004MRL43QKPDlK9cGvNp6NZWZUBlbGXYxxng==}
    engines: {node: '>=0.12.0'}
    dev: true

  /json-server@1.0.0-alpha.23:
    resolution: {integrity: sha512-FPL1veNELhkr3tttwbIutKPkc/AUfLWSmslTwLYYPzl9RbCJQrwSPJceYWg2LnK1cv20tcEMLI2Kxl1lHz155Q==}
    engines: {node: '>=18.3'}
    hasBin: true
    dependencies:
      '@tinyhttp/app': 2.2.3
      '@tinyhttp/cors': 2.0.0
      chalk: 5.3.0
      chokidar: 3.6.0
      dot-prop: 8.0.2
      eta: 3.4.0
      inflection: 3.0.0
      json5: 2.2.3
      lowdb: 7.0.1
      milliparsec: 2.3.0
      sirv: 2.0.4
      sort-on: 6.0.0
    dev: true

  /json5@2.2.3:
    resolution: {integrity: sha512-XmOWe7eyHYH14cLdVPoyg+GOH3rYX++KpzrylJwSW98t3Nk+U8XOl8FWKOgwtzdb8lXGf6zYwDUzeHMWfxasyg==}
    engines: {node: '>=6'}
    hasBin: true
    dev: true

  /lowdb@7.0.1:
    resolution: {integrity: sha512-neJAj8GwF0e8EpycYIDFqEPcx9Qz4GUho20jWFR7YiFeXzF1YMLdxB36PypcTSPMA+4+LvgyMacYhlr18Zlymw==}
    engines: {node: '>=18'}
    dependencies:
      steno: 4.0.2
    dev: true

  /make-error@1.3.6:
    resolution: {integrity: sha512-s8UhlNe7vPKomQhC1qFelMokr/Sc3AgNbso3n74mVPA5LTZwkB9NlXf4XPamLxJE8h0gh73rM94xvwRT2CVInw==}
    dev: true

  /milliparsec@2.3.0:
    resolution: {integrity: sha512-b+6KYJw+DwQjk24qCUuq+lZvRXDpXJ02qsllKgKaDurHpQ0v7D5op9VAkdYM/pXRhFeh7uLYHmnwFnYvdXGa3A==}
    engines: {node: '>=12.4'}
    dev: true

  /mime@4.0.1:
    resolution: {integrity: sha512-5lZ5tyrIfliMXzFtkYyekWbtRXObT9OWa8IwQ5uxTBDHucNNwniRqo0yInflj+iYi5CBa6qxadGzGarDfuEOxA==}
    engines: {node: '>=16'}
    hasBin: true
    dev: true

  /mrmime@2.0.0:
    resolution: {integrity: sha512-eu38+hdgojoyq63s+yTpN4XMBdt5l8HhMhc4VKLO9KM5caLIBvUm4thi7fFaxyTmCKeNnXZ5pAlBwCUnhA09uw==}
    engines: {node: '>=10'}
    dev: true

  /negotiator@0.6.3:
    resolution: {integrity: sha512-+EUsqGPLsM+j/zdChZjsnX51g4XrHFOIXwfnCVPGlQk/k5giakcKsuxCObBRu6DSm9opw/O6slWbJdghQM4bBg==}
    engines: {node: '>= 0.6'}
    dev: true

  /normalize-path@3.0.0:
    resolution: {integrity: sha512-6eZs5Ls3WtCisHWp9S2GUy8dqkpGi4BVSz3GaqiE6ezub0512ESztXUwUB6C6IKbQkY2Pnb/mD4WYojCRwcwLA==}
    engines: {node: '>=0.10.0'}
    dev: true

  /picomatch@2.3.1:
    resolution: {integrity: sha512-JU3teHTNjmE2VCGFzuY8EXzCDVwEqB2a8fsIvwaStHhAWJEeVd1o1QD80CU6+ZdEXXSLbSsuLwJjkCBWqRQUVA==}
    engines: {node: '>=8.6'}
    dev: true

  /readdirp@3.6.0:
    resolution: {integrity: sha512-hOS089on8RduqdbhvQ5Z37A0ESjsqz6qnRcffsMU3495FuTdqSm+7bhJ29JvIOsBDEEnan5DPu9t3To9VRlMzA==}
    engines: {node: '>=8.10.0'}
    dependencies:
      picomatch: 2.3.1
    dev: true

  /regexparam@2.0.2:
    resolution: {integrity: sha512-A1PeDEYMrkLrfyOwv2jwihXbo9qxdGD3atBYQA9JJgreAx8/7rC6IUkWOw2NQlOxLp2wL0ifQbh1HuidDfYA6w==}
    engines: {node: '>=8'}
    dev: true

  /sirv@2.0.4:
    resolution: {integrity: sha512-94Bdh3cC2PKrbgSOUqTiGPWVZeSiXfKOVZNJniWoqrWrRkB1CJzBU3NEbiTsPcYy1lDsANA/THzS+9WBiy5nfQ==}
    engines: {node: '>= 10'}
    dependencies:
      '@polka/url': 1.0.0-next.25
      mrmime: 2.0.0
      totalist: 3.0.1
    dev: true

  /sort-on@6.0.0:
    resolution: {integrity: sha512-d51VlJWoFQjp+cIZRyNusCyJdP5pLAw+H+sC4C2q6RhPBv+RAb/QXXck5q3Kdm7h/ot/kD2AlpGPDee8v+0qiA==}
    engines: {node: '>=18'}
    dependencies:
      dot-prop: 8.0.2
    dev: true

  /steno@4.0.2:
    resolution: {integrity: sha512-yhPIQXjrlt1xv7dyPQg2P17URmXbuM5pdGkpiMB3RenprfiBlvK415Lctfe0eshk90oA7/tNq7WEiMK8RSP39A==}
    engines: {node: '>=18'}
    dev: true

  /to-regex-range@5.0.1:
    resolution: {integrity: sha512-65P7iz6X5yEr1cwcgvQxbbIw7Uk3gOy5dIdtZ4rDveLqhrdJP+Li/Hx6tyK0NEb+2GCyneCMJiGqrADCSNk8sQ==}
    engines: {node: '>=8.0'}
    dependencies:
      is-number: 7.0.0
    dev: true

  /totalist@3.0.1:
    resolution: {integrity: sha512-sf4i37nQ2LBx4m3wB74y+ubopq6W/dIzXg0FDGjsYnZHVa1Da8FH853wlL2gtUhg+xJXjfk3kUZS3BRoQeoQBQ==}
    engines: {node: '>=6'}
    dev: true

  /ts-node@10.9.2(@types/node@20.12.7)(typescript@5.4.5):
    resolution: {integrity: sha512-f0FFpIdcHgn8zcPSbf1dRevwt047YMnaiJM3u2w2RewrB+fob/zePZcrOyQoLMMO7aBIddLcQIEK5dYjkLnGrQ==}
    hasBin: true
    peerDependencies:
      '@swc/core': '>=1.2.50'
      '@swc/wasm': '>=1.2.50'
      '@types/node': '*'
      typescript: '>=2.7'
    peerDependenciesMeta:
      '@swc/core':
        optional: true
      '@swc/wasm':
        optional: true
    dependencies:
      '@cspotcode/source-map-support': 0.8.1
      '@tsconfig/node10': 1.0.11
      '@tsconfig/node12': 1.0.11
      '@tsconfig/node14': 1.0.3
      '@tsconfig/node16': 1.0.4
      '@types/node': 20.12.7
      acorn: 8.11.3
      acorn-walk: 8.3.2
      arg: 4.1.3
      create-require: 1.1.1
      diff: 4.0.2
      make-error: 1.3.6
      typescript: 5.4.5
      v8-compile-cache-lib: 3.0.1
      yn: 3.1.1
    dev: true

  /type-fest@3.13.1:
    resolution: {integrity: sha512-tLq3bSNx+xSpwvAJnzrK0Ep5CLNWjvFTOp71URMaAEWBfRb9nnJiBoUe0tF8bI4ZFO3omgBR6NvnbzVUT3Ly4g==}
    engines: {node: '>=14.16'}
    dev: true

  /typescript@5.4.5:
    resolution: {integrity: sha512-vcI4UpRgg81oIRUFwR0WSIHKt11nJ7SAVlYNIu+QpqeyXP+gpQJy/Z4+F0aGxSE4MqwjyXvW/TzgkLAx2AGHwQ==}
    engines: {node: '>=14.17'}
    hasBin: true
    dev: true

  /undici-types@5.26.5:
    resolution: {integrity: sha512-JlCMO+ehdEIKqlFxk6IfVoAUVmgz7cU7zD/h9XZ0qzeosSHmUJVOzSQvvYSYWXkFXC+IfLKSIffhv0sVZup6pA==}
    dev: true

  /v8-compile-cache-lib@3.0.1:
    resolution: {integrity: sha512-wa7YjyUGfNZngI/vtK0UHAN+lgDCxBPCylVXGp0zu59Fz5aiGtNXaq3DhIov063MorB+VfufLh3JlF2KdTK3xg==}
    dev: true

  /yn@3.1.1:
    resolution: {integrity: sha512-Ux4ygGWsu2c7isFWe8Yu1YluJmqVhxqK2cLXNQA5AcC3QfbGNpM7fu0Y8b/z16pXLnFxZYvWhd3fhBY9DLmC6Q==}
    engines: {node: '>=6'}
    dev: true
