{
  "lockfile-version": 1,
  "manifest": {
    "version": 1,
    "install": {
      "mongodb-ce": {
        "pkg-path": "mongodb-ce",
        "version": "8.0.4"
      },
      "mongosh": {
        "pkg-path": "mongosh"
      },
      "nodejs": {
        "pkg-path": "nodejs"
      },
      "pnpm": {
        "pkg-path": "pnpm"
      }
    },
    "vars": {
      "FASTIFY_HOST": "127.0.0.1",
      "FASTIFY_PORT": "8888",
      "FRONTEND_HOST": "127.0.0.1",
      "FRONTEND_PORT": "5175",
      "JWT_EXPIRY": "7d",
      "JWT_SECRET": "your_jwt_secret_here",
      "MONGO_DATABASE": "codincod",
      "MONGO_DATA_DIRECTORY": "./data/db",
      "MONGO_HOST": "127.0.0.1",
      "MONGO_PORT": "27017",
      "MONGO_URI": "mongodb://127.0.0.1:27017/codincod",
      "NODE_ENV": "development",
      "ORIGIN": "http://127.0.0.1:5173",
      "PISTON_URI": "https://emkc.org",
      "VITE_BACKEND_URL": "http://127.0.0.1:8888",
      "VITE_BACKEND_WEBSOCKET_MULTIPLAYER": "ws://127.0.0.1:8888"
    },
    "hook": {
      "on-activate": "  mkdir -p $MONGO_DATA_DIRECTORY\n  echo \"MongoDB data: $MONGO_DATA_DIRECTORY/\"\n  echo \"Backend:  http://$FASTIFY_HOST:$FASTIFY_PORT\"\n  echo \"Frontend: http://$FRONTEND_HOST:$FRONTEND_PORT\"\n"
    },
    "profile": {
      "fish": "  abbr -a -- fs 'flox services'\n  abbr -a -- fsl 'flox services logs'\n  abbr -a -- fss 'flox services status'\n"
    },
    "options": {
      "systems": [
        "aarch64-darwin",
        "aarch64-linux",
        "x86_64-darwin",
        "x86_64-linux"
      ],
      "allow": {
        "licenses": []
      },
      "semver": {}
    },
    "services": {
      "devbackend": {
        "command": "pnpm run --dir ./libs/backend dev"
      },
      "devfrontend": {
        "command": "pnpm run --dir ./libs/frontend dev --host $FRONTEND_HOST --port $FRONTEND_PORT"
      },
      "devtypes": {
        "command": "pnpm run --dir ./libs/types dev"
      },
      "mongodb": {
        "command": "mongod --dbpath $MONGO_DATA_DIRECTORY --bind_ip $MONGO_HOST --port $MONGO_PORT"
      }
    }
  },
  "packages": [
    {
      "attr_path": "mongodb-ce",
      "broken": false,
      "derivation": "/nix/store/azr2q3rywhxrc1ddpdjgyqn9wj6fzf8g-mongodb-ce-8.0.4.drv",
      "description": "MongoDB is a general purpose, document-based, distributed database.",
      "install_id": "mongodb-ce",
      "license": "[ Server Side Public License ]",
      "locked_url": "https://github.com/flox/nixpkgs?rev=3a228057f5b619feb3186e986dbe76278d707b6e",
      "name": "mongodb-ce-8.0.4",
      "pname": "mongodb-ce",
      "rev": "3a228057f5b619feb3186e986dbe76278d707b6e",
      "rev_count": 746337,
      "rev_date": "2025-02-01T11:46:30Z",
      "scrape_date": "2025-02-02T00:30:00Z",
      "stabilities": [
        "unstable"
      ],
      "unfree": true,
      "version": "8.0.4",
      "outputs_to_install": [
        "out"
      ],
      "outputs": {
        "out": "/nix/store/m754km7333bwlz4a7ghhh3kh25dk7rcy-mongodb-ce-8.0.4"
      },
      "system": "aarch64-darwin",
      "group": "toplevel",
      "priority": 5
    },
    {
      "attr_path": "mongodb-ce",
      "broken": false,
      "derivation": "/nix/store/kl6hx9jg2087lwhx9rbrr7zqha4hfq1x-mongodb-ce-8.0.4.drv",
      "description": "MongoDB is a general purpose, document-based, distributed database.",
      "install_id": "mongodb-ce",
      "license": "[ Server Side Public License ]",
      "locked_url": "https://github.com/flox/nixpkgs?rev=3a228057f5b619feb3186e986dbe76278d707b6e",
      "name": "mongodb-ce-8.0.4",
      "pname": "mongodb-ce",
      "rev": "3a228057f5b619feb3186e986dbe76278d707b6e",
      "rev_count": 746337,
      "rev_date": "2025-02-01T11:46:30Z",
      "scrape_date": "2025-02-02T00:30:00Z",
      "stabilities": [
        "unstable"
      ],
      "unfree": true,
      "version": "8.0.4",
      "outputs_to_install": [
        "out"
      ],
      "outputs": {
        "out": "/nix/store/x75mkj8ydzhz3rfgqs8zd1jxjikp08fa-mongodb-ce-8.0.4"
      },
      "system": "aarch64-linux",
      "group": "toplevel",
      "priority": 5
    },
    {
      "attr_path": "mongodb-ce",
      "broken": false,
      "derivation": "/nix/store/jqpq7bqnw8ibihz33di11izay52zyakd-mongodb-ce-8.0.4.drv",
      "description": "MongoDB is a general purpose, document-based, distributed database.",
      "install_id": "mongodb-ce",
      "license": "[ Server Side Public License ]",
      "locked_url": "https://github.com/flox/nixpkgs?rev=3a228057f5b619feb3186e986dbe76278d707b6e",
      "name": "mongodb-ce-8.0.4",
      "pname": "mongodb-ce",
      "rev": "3a228057f5b619feb3186e986dbe76278d707b6e",
      "rev_count": 746337,
      "rev_date": "2025-02-01T11:46:30Z",
      "scrape_date": "2025-02-02T00:30:00Z",
      "stabilities": [
        "unstable"
      ],
      "unfree": true,
      "version": "8.0.4",
      "outputs_to_install": [
        "out"
      ],
      "outputs": {
        "out": "/nix/store/a22vpmhzs7zxcpwlfvgzb548k30lcnpc-mongodb-ce-8.0.4"
      },
      "system": "x86_64-darwin",
      "group": "toplevel",
      "priority": 5
    },
    {
      "attr_path": "mongodb-ce",
      "broken": false,
      "derivation": "/nix/store/64p3hikc8d4fzb67xiy2nhbnr7shvibp-mongodb-ce-8.0.4.drv",
      "description": "MongoDB is a general purpose, document-based, distributed database.",
      "install_id": "mongodb-ce",
      "license": "[ Server Side Public License ]",
      "locked_url": "https://github.com/flox/nixpkgs?rev=3a228057f5b619feb3186e986dbe76278d707b6e",
      "name": "mongodb-ce-8.0.4",
      "pname": "mongodb-ce",
      "rev": "3a228057f5b619feb3186e986dbe76278d707b6e",
      "rev_count": 746337,
      "rev_date": "2025-02-01T11:46:30Z",
      "scrape_date": "2025-02-02T00:30:00Z",
      "stabilities": [
        "unstable"
      ],
      "unfree": true,
      "version": "8.0.4",
      "outputs_to_install": [
        "out"
      ],
      "outputs": {
        "out": "/nix/store/z8v9nh1qa8dxjjv12i9mxmbhfivjxlys-mongodb-ce-8.0.4"
      },
      "system": "x86_64-linux",
      "group": "toplevel",
      "priority": 5
    },
    {
      "attr_path": "mongosh",
      "broken": false,
      "derivation": "/nix/store/57bqp49qkcd6clppaw9a0gx26lh517ip-mongosh-2.3.7.drv",
      "description": "MongoDB Shell",
      "install_id": "mongosh",
      "license": "Apache-2.0",
      "locked_url": "https://github.com/flox/nixpkgs?rev=3a228057f5b619feb3186e986dbe76278d707b6e",
      "name": "mongosh-2.3.7",
      "pname": "mongosh",
      "rev": "3a228057f5b619feb3186e986dbe76278d707b6e",
      "rev_count": 746337,
      "rev_date": "2025-02-01T11:46:30Z",
      "scrape_date": "2025-02-02T00:30:00Z",
      "stabilities": [
        "unstable"
      ],
      "unfree": false,
      "version": "2.3.7",
      "outputs_to_install": [
        "out"
      ],
      "outputs": {
        "out": "/nix/store/yz0x0yll9yxmxrxm0m8xwzd05jqjvlxn-mongosh-2.3.7"
      },
      "system": "aarch64-darwin",
      "group": "toplevel",
      "priority": 5
    },
    {
      "attr_path": "mongosh",
      "broken": false,
      "derivation": "/nix/store/djmnhhr8gcja9afp1sf50sl8al85m3m1-mongosh-2.3.7.drv",
      "description": "MongoDB Shell",
      "install_id": "mongosh",
      "license": "Apache-2.0",
      "locked_url": "https://github.com/flox/nixpkgs?rev=3a228057f5b619feb3186e986dbe76278d707b6e",
      "name": "mongosh-2.3.7",
      "pname": "mongosh",
      "rev": "3a228057f5b619feb3186e986dbe76278d707b6e",
      "rev_count": 746337,
      "rev_date": "2025-02-01T11:46:30Z",
      "scrape_date": "2025-02-02T00:30:00Z",
      "stabilities": [
        "unstable"
      ],
      "unfree": false,
      "version": "2.3.7",
      "outputs_to_install": [
        "out"
      ],
      "outputs": {
        "out": "/nix/store/q97m3mdz966qbmvl7yyp69wasbwhhdyd-mongosh-2.3.7"
      },
      "system": "aarch64-linux",
      "group": "toplevel",
      "priority": 5
    },
    {
      "attr_path": "mongosh",
      "broken": false,
      "derivation": "/nix/store/74s4g8w9fym5hnqqz6rvnsw6m81vimix-mongosh-2.3.7.drv",
      "description": "MongoDB Shell",
      "install_id": "mongosh",
      "license": "Apache-2.0",
      "locked_url": "https://github.com/flox/nixpkgs?rev=3a228057f5b619feb3186e986dbe76278d707b6e",
      "name": "mongosh-2.3.7",
      "pname": "mongosh",
      "rev": "3a228057f5b619feb3186e986dbe76278d707b6e",
      "rev_count": 746337,
      "rev_date": "2025-02-01T11:46:30Z",
      "scrape_date": "2025-02-02T00:30:00Z",
      "stabilities": [
        "unstable"
      ],
      "unfree": false,
      "version": "2.3.7",
      "outputs_to_install": [
        "out"
      ],
      "outputs": {
        "out": "/nix/store/jagzqjam4q08l8hjcak30cngbzmzkhvh-mongosh-2.3.7"
      },
      "system": "x86_64-darwin",
      "group": "toplevel",
      "priority": 5
    },
    {
      "attr_path": "mongosh",
      "broken": false,
      "derivation": "/nix/store/pj28x9a61pnp399y1f57z9wp1c9va56n-mongosh-2.3.7.drv",
      "description": "MongoDB Shell",
      "install_id": "mongosh",
      "license": "Apache-2.0",
      "locked_url": "https://github.com/flox/nixpkgs?rev=3a228057f5b619feb3186e986dbe76278d707b6e",
      "name": "mongosh-2.3.7",
      "pname": "mongosh",
      "rev": "3a228057f5b619feb3186e986dbe76278d707b6e",
      "rev_count": 746337,
      "rev_date": "2025-02-01T11:46:30Z",
      "scrape_date": "2025-02-02T00:30:00Z",
      "stabilities": [
        "unstable"
      ],
      "unfree": false,
      "version": "2.3.7",
      "outputs_to_install": [
        "out"
      ],
      "outputs": {
        "out": "/nix/store/7yxx0734i7ync4q7khhwwblh7k6vags4-mongosh-2.3.7"
      },
      "system": "x86_64-linux",
      "group": "toplevel",
      "priority": 5
    },
    {
      "attr_path": "nodejs",
      "broken": false,
      "derivation": "/nix/store/3d63jxlp8q5k9j578l8y8kv66063id4i-nodejs-22.12.0.drv",
      "description": "Event-driven I/O framework for the V8 JavaScript engine",
      "install_id": "nodejs",
      "license": "MIT",
      "locked_url": "https://github.com/flox/nixpkgs?rev=3a228057f5b619feb3186e986dbe76278d707b6e",
      "name": "nodejs-22.12.0",
      "pname": "nodejs",
      "rev": "3a228057f5b619feb3186e986dbe76278d707b6e",
      "rev_count": 746337,
      "rev_date": "2025-02-01T11:46:30Z",
      "scrape_date": "2025-02-02T00:30:00Z",
      "stabilities": [
        "unstable"
      ],
      "unfree": false,
      "version": "22.12.0",
      "outputs_to_install": [
        "out"
      ],
      "outputs": {
        "libv8": "/nix/store/hvpmcjbmsyknlpjjd7a8na891fv4a81i-nodejs-22.12.0-libv8",
        "out": "/nix/store/ygk01vha6k5zxgn9rsxi3k6cm2kbnwsc-nodejs-22.12.0"
      },
      "system": "aarch64-darwin",
      "group": "toplevel",
      "priority": 5
    },
    {
      "attr_path": "nodejs",
      "broken": false,
      "derivation": "/nix/store/4ikgm8yyp8zyylpfjkndmswphbps4kq4-nodejs-22.12.0.drv",
      "description": "Event-driven I/O framework for the V8 JavaScript engine",
      "install_id": "nodejs",
      "license": "MIT",
      "locked_url": "https://github.com/flox/nixpkgs?rev=3a228057f5b619feb3186e986dbe76278d707b6e",
      "name": "nodejs-22.12.0",
      "pname": "nodejs",
      "rev": "3a228057f5b619feb3186e986dbe76278d707b6e",
      "rev_count": 746337,
      "rev_date": "2025-02-01T11:46:30Z",
      "scrape_date": "2025-02-02T00:30:00Z",
      "stabilities": [
        "unstable"
      ],
      "unfree": false,
      "version": "22.12.0",
      "outputs_to_install": [
        "out"
      ],
      "outputs": {
        "libv8": "/nix/store/48is8354i9qwj194id0ncczkvzvfqhim-nodejs-22.12.0-libv8",
        "out": "/nix/store/jdgrvyf5l99rzjayicxjw7i6p98r0rlb-nodejs-22.12.0"
      },
      "system": "aarch64-linux",
      "group": "toplevel",
      "priority": 5
    },
    {
      "attr_path": "nodejs",
      "broken": false,
      "derivation": "/nix/store/8781n36mwvzx5d4mncvgf09pqlgx7gx3-nodejs-22.12.0.drv",
      "description": "Event-driven I/O framework for the V8 JavaScript engine",
      "install_id": "nodejs",
      "license": "MIT",
      "locked_url": "https://github.com/flox/nixpkgs?rev=3a228057f5b619feb3186e986dbe76278d707b6e",
      "name": "nodejs-22.12.0",
      "pname": "nodejs",
      "rev": "3a228057f5b619feb3186e986dbe76278d707b6e",
      "rev_count": 746337,
      "rev_date": "2025-02-01T11:46:30Z",
      "scrape_date": "2025-02-02T00:30:00Z",
      "stabilities": [
        "unstable"
      ],
      "unfree": false,
      "version": "22.12.0",
      "outputs_to_install": [
        "out"
      ],
      "outputs": {
        "libv8": "/nix/store/gvys8kz8pdw62ch2x7k25rrmcw3mqnrw-nodejs-22.12.0-libv8",
        "out": "/nix/store/6fnlali5gqihxs02adk1bdzjsya9cacp-nodejs-22.12.0"
      },
      "system": "x86_64-darwin",
      "group": "toplevel",
      "priority": 5
    },
    {
      "attr_path": "nodejs",
      "broken": false,
      "derivation": "/nix/store/a73rv2rzsy47phyhbdnlnycpvda83z0c-nodejs-22.12.0.drv",
      "description": "Event-driven I/O framework for the V8 JavaScript engine",
      "install_id": "nodejs",
      "license": "MIT",
      "locked_url": "https://github.com/flox/nixpkgs?rev=3a228057f5b619feb3186e986dbe76278d707b6e",
      "name": "nodejs-22.12.0",
      "pname": "nodejs",
      "rev": "3a228057f5b619feb3186e986dbe76278d707b6e",
      "rev_count": 746337,
      "rev_date": "2025-02-01T11:46:30Z",
      "scrape_date": "2025-02-02T00:30:00Z",
      "stabilities": [
        "unstable"
      ],
      "unfree": false,
      "version": "22.12.0",
      "outputs_to_install": [
        "out"
      ],
      "outputs": {
        "libv8": "/nix/store/n7x07hrc6sjhh6as6c75g15blq1c1ykh-nodejs-22.12.0-libv8",
        "out": "/nix/store/k1r91cjalyc2mzzllpv5hklhqn8wvgjr-nodejs-22.12.0"
      },
      "system": "x86_64-linux",
      "group": "toplevel",
      "priority": 5
    },
    {
      "attr_path": "pnpm",
      "broken": false,
      "derivation": "/nix/store/iclfh5ng6m5vhrgsny89m4gsdy1cn9fm-pnpm-10.1.0.drv",
      "description": "Fast, disk space efficient package manager for JavaScript",
      "install_id": "pnpm",
      "license": "MIT",
      "locked_url": "https://github.com/flox/nixpkgs?rev=3a228057f5b619feb3186e986dbe76278d707b6e",
      "name": "pnpm-10.1.0",
      "pname": "pnpm",
      "rev": "3a228057f5b619feb3186e986dbe76278d707b6e",
      "rev_count": 746337,
      "rev_date": "2025-02-01T11:46:30Z",
      "scrape_date": "2025-02-02T00:30:00Z",
      "stabilities": [
        "unstable"
      ],
      "unfree": false,
      "version": "10.1.0",
      "outputs_to_install": [
        "out"
      ],
      "outputs": {
        "out": "/nix/store/ns9rxfag2c8lnm5k33yabbn0dpnl41i0-pnpm-10.1.0"
      },
      "system": "aarch64-darwin",
      "group": "toplevel",
      "priority": 5
    },
    {
      "attr_path": "pnpm",
      "broken": false,
      "derivation": "/nix/store/8a81dvawl09akfn5jczcmrv5ik852kk2-pnpm-10.1.0.drv",
      "description": "Fast, disk space efficient package manager for JavaScript",
      "install_id": "pnpm",
      "license": "MIT",
      "locked_url": "https://github.com/flox/nixpkgs?rev=3a228057f5b619feb3186e986dbe76278d707b6e",
      "name": "pnpm-10.1.0",
      "pname": "pnpm",
      "rev": "3a228057f5b619feb3186e986dbe76278d707b6e",
      "rev_count": 746337,
      "rev_date": "2025-02-01T11:46:30Z",
      "scrape_date": "2025-02-02T00:30:00Z",
      "stabilities": [
        "unstable"
      ],
      "unfree": false,
      "version": "10.1.0",
      "outputs_to_install": [
        "out"
      ],
      "outputs": {
        "out": "/nix/store/d0cg58avvyrbyvszkyc3rdh8ni9br4ny-pnpm-10.1.0"
      },
      "system": "aarch64-linux",
      "group": "toplevel",
      "priority": 5
    },
    {
      "attr_path": "pnpm",
      "broken": false,
      "derivation": "/nix/store/pa8k0kkgvmnfwxsa57gcs7m1wqm44yzq-pnpm-10.1.0.drv",
      "description": "Fast, disk space efficient package manager for JavaScript",
      "install_id": "pnpm",
      "license": "MIT",
      "locked_url": "https://github.com/flox/nixpkgs?rev=3a228057f5b619feb3186e986dbe76278d707b6e",
      "name": "pnpm-10.1.0",
      "pname": "pnpm",
      "rev": "3a228057f5b619feb3186e986dbe76278d707b6e",
      "rev_count": 746337,
      "rev_date": "2025-02-01T11:46:30Z",
      "scrape_date": "2025-02-02T00:30:00Z",
      "stabilities": [
        "unstable"
      ],
      "unfree": false,
      "version": "10.1.0",
      "outputs_to_install": [
        "out"
      ],
      "outputs": {
        "out": "/nix/store/c47xc80fy00w35rg6h2qgqg3nz9jmx3a-pnpm-10.1.0"
      },
      "system": "x86_64-darwin",
      "group": "toplevel",
      "priority": 5
    },
    {
      "attr_path": "pnpm",
      "broken": false,
      "derivation": "/nix/store/86n86v15s4p0hx0hlvsrknxyxk880iij-pnpm-10.1.0.drv",
      "description": "Fast, disk space efficient package manager for JavaScript",
      "install_id": "pnpm",
      "license": "MIT",
      "locked_url": "https://github.com/flox/nixpkgs?rev=3a228057f5b619feb3186e986dbe76278d707b6e",
      "name": "pnpm-10.1.0",
      "pname": "pnpm",
      "rev": "3a228057f5b619feb3186e986dbe76278d707b6e",
      "rev_count": 746337,
      "rev_date": "2025-02-01T11:46:30Z",
      "scrape_date": "2025-02-02T00:30:00Z",
      "stabilities": [
        "unstable"
      ],
      "unfree": false,
      "version": "10.1.0",
      "outputs_to_install": [
        "out"
      ],
      "outputs": {
        "out": "/nix/store/a3q5cj7p7ciyfcs1hyqkn8fndprkwq4x-pnpm-10.1.0"
      },
      "system": "x86_64-linux",
      "group": "toplevel",
      "priority": 5
    }
  ]
}