{
  "lockfile-version": 1,
  "manifest": {
    "version": 1,
    "install": {
      "mongodb-ce": {
        "pkg-path": "mongodb-ce",
        "version": "8.0.4"
      },
      "mongosh": {
        "pkg-path": "mongosh"
      },
      "nodejs": {
        "pkg-path": "nodejs"
      },
      "pnpm": {
        "pkg-path": "pnpm_8"
      },
      "uv": {
        "pkg-path": "uv"
      }
    },
    "vars": {
      "FASTIFY_HOST": "127.0.0.1",
      "FASTIFY_PORT": "8888",
      "FRONTEND_HOST": "127.0.0.1",
      "FRONTEND_PORT": "5175",
      "JWT_EXPIRY": "7d",
      "JWT_SECRET": "your_jwt_secret_here",
      "MONGO_DATABASE": "codincod",
      "MONGO_DATA_DIRECTORY": "./data/db",
      "MONGO_HOST": "127.0.0.1",
      "MONGO_PORT": "27017",
      "MONGO_URI": "mongodb://127.0.0.1:27017/codincod",
      "NODE_ENV": "development",
      "ORIGIN": "http://127.0.0.1:5173",
      "PISTON_URI": "https://emkc.org",
      "VITE_BACKEND_URL": "http://127.0.0.1:8888",
      "VITE_BACKEND_WEBSOCKET_MULTIPLAYER": "ws://127.0.0.1:8888"
    },
    "hook": {
      "on-activate": "  mkdir -p $MONGO_DATA_DIRECTORY\n  echo \"MongoDB data: $MONGO_DATA_DIRECTORY/\"\n  echo \"Backend:  http://$FASTIFY_HOST:$FASTIFY_PORT\"\n  echo \"Frontend: http://$FRONTEND_HOST:$FRONTEND_PORT\"\n"
    },
    "profile": {
      "fish": "  abbr -a -- fs 'flox services'\n  abbr -a -- fsl 'flox services logs'\n  abbr -a -- fss 'flox services status'\n"
    },
    "options": {
      "systems": [
        "aarch64-darwin",
        "aarch64-linux",
        "x86_64-darwin",
        "x86_64-linux"
      ],
      "allow": {
        "licenses": []
      },
      "semver": {}
    },
    "services": {
      "devbackend": {
        "command": "pnpm run --dir ./libs/backend dev"
      },
      "devfrontend": {
        "command": "pnpm run --dir ./libs/frontend dev --host $FRONTEND_HOST --port $FRONTEND_PORT"
      },
      "devtypes": {
        "command": "pnpm run --dir ./libs/types dev"
      },
      "mongodb": {
        "command": "mongod --dbpath $MONGO_DATA_DIRECTORY --bind_ip $MONGO_HOST --port $MONGO_PORT"
      }
    }
  },
  "packages": [
    {
      "attr_path": "mongodb-ce",
      "broken": false,
      "derivation": "/nix/store/l5vjzc3whfhl5b6d17sv4y8570db68fm-mongodb-ce-8.0.4.drv",
      "description": "MongoDB is a general purpose, document-based, distributed database.",
      "install_id": "mongodb-ce",
      "license": "[ Server Side Public License ]",
      "locked_url": "https://github.com/flox/nixpkgs?rev=eb62e6aa39ea67e0b8018ba8ea077efe65807dc8",
      "name": "mongodb-ce-8.0.4",
      "pname": "mongodb-ce",
      "rev": "eb62e6aa39ea67e0b8018ba8ea077efe65807dc8",
      "rev_count": 738172,
      "rev_date": "2025-01-14T19:41:48Z",
      "scrape_date": "2025-01-16T00:14:48Z",
      "stabilities": [
        "staging",
        "unstable"
      ],
      "unfree": true,
      "version": "8.0.4",
      "outputs_to_install": [
        "out"
      ],
      "outputs": {
        "out": "/nix/store/857dcm5plwqbvdby91d1m3rcszyj977y-mongodb-ce-8.0.4"
      },
      "system": "aarch64-darwin",
      "group": "toplevel",
      "priority": 5
    },
    {
      "attr_path": "mongodb-ce",
      "broken": false,
      "derivation": "/nix/store/jjzhr5a9d2xkziclhm5ghvpqp3b076s2-mongodb-ce-8.0.4.drv",
      "description": "MongoDB is a general purpose, document-based, distributed database.",
      "install_id": "mongodb-ce",
      "license": "[ Server Side Public License ]",
      "locked_url": "https://github.com/flox/nixpkgs?rev=eb62e6aa39ea67e0b8018ba8ea077efe65807dc8",
      "name": "mongodb-ce-8.0.4",
      "pname": "mongodb-ce",
      "rev": "eb62e6aa39ea67e0b8018ba8ea077efe65807dc8",
      "rev_count": 738172,
      "rev_date": "2025-01-14T19:41:48Z",
      "scrape_date": "2025-01-16T00:14:48Z",
      "stabilities": [
        "staging",
        "unstable"
      ],
      "unfree": true,
      "version": "8.0.4",
      "outputs_to_install": [
        "out"
      ],
      "outputs": {
        "out": "/nix/store/ys70kann5wjm6jxp62vgjqw72rwb690r-mongodb-ce-8.0.4"
      },
      "system": "aarch64-linux",
      "group": "toplevel",
      "priority": 5
    },
    {
      "attr_path": "mongodb-ce",
      "broken": false,
      "derivation": "/nix/store/1x7y9vaq0dcgx02wffdvnmfz3cbrwibk-mongodb-ce-8.0.4.drv",
      "description": "MongoDB is a general purpose, document-based, distributed database.",
      "install_id": "mongodb-ce",
      "license": "[ Server Side Public License ]",
      "locked_url": "https://github.com/flox/nixpkgs?rev=eb62e6aa39ea67e0b8018ba8ea077efe65807dc8",
      "name": "mongodb-ce-8.0.4",
      "pname": "mongodb-ce",
      "rev": "eb62e6aa39ea67e0b8018ba8ea077efe65807dc8",
      "rev_count": 738172,
      "rev_date": "2025-01-14T19:41:48Z",
      "scrape_date": "2025-01-16T00:14:48Z",
      "stabilities": [
        "staging",
        "unstable"
      ],
      "unfree": true,
      "version": "8.0.4",
      "outputs_to_install": [
        "out"
      ],
      "outputs": {
        "out": "/nix/store/16a7yn3cx3q1kzff0dd90m02b4cwrkmg-mongodb-ce-8.0.4"
      },
      "system": "x86_64-darwin",
      "group": "toplevel",
      "priority": 5
    },
    {
      "attr_path": "mongodb-ce",
      "broken": false,
      "derivation": "/nix/store/7nidsv6bs8p73kp3a4hbin0gc237s6lj-mongodb-ce-8.0.4.drv",
      "description": "MongoDB is a general purpose, document-based, distributed database.",
      "install_id": "mongodb-ce",
      "license": "[ Server Side Public License ]",
      "locked_url": "https://github.com/flox/nixpkgs?rev=eb62e6aa39ea67e0b8018ba8ea077efe65807dc8",
      "name": "mongodb-ce-8.0.4",
      "pname": "mongodb-ce",
      "rev": "eb62e6aa39ea67e0b8018ba8ea077efe65807dc8",
      "rev_count": 738172,
      "rev_date": "2025-01-14T19:41:48Z",
      "scrape_date": "2025-01-16T00:14:48Z",
      "stabilities": [
        "staging",
        "unstable"
      ],
      "unfree": true,
      "version": "8.0.4",
      "outputs_to_install": [
        "out"
      ],
      "outputs": {
        "out": "/nix/store/djjwqpql56glfr7gfvakiqhsrpsr34qi-mongodb-ce-8.0.4"
      },
      "system": "x86_64-linux",
      "group": "toplevel",
      "priority": 5
    },
    {
      "attr_path": "mongosh",
      "broken": false,
      "derivation": "/nix/store/2wzx6gb0z78m26bnli3131pmyvd5l7zx-mongosh-2.3.7.drv",
      "description": "MongoDB Shell",
      "install_id": "mongosh",
      "license": "Apache-2.0",
      "locked_url": "https://github.com/flox/nixpkgs?rev=eb62e6aa39ea67e0b8018ba8ea077efe65807dc8",
      "name": "mongosh-2.3.7",
      "pname": "mongosh",
      "rev": "eb62e6aa39ea67e0b8018ba8ea077efe65807dc8",
      "rev_count": 738172,
      "rev_date": "2025-01-14T19:41:48Z",
      "scrape_date": "2025-01-16T00:14:48Z",
      "stabilities": [
        "staging",
        "unstable"
      ],
      "unfree": false,
      "version": "2.3.7",
      "outputs_to_install": [
        "out"
      ],
      "outputs": {
        "out": "/nix/store/p7qrw5wh2rv971vzwdll2xwqz9y8r4wv-mongosh-2.3.7"
      },
      "system": "aarch64-darwin",
      "group": "toplevel",
      "priority": 5
    },
    {
      "attr_path": "mongosh",
      "broken": false,
      "derivation": "/nix/store/vkcgb6kzc44yiv0qqis6mdjdrda0jr4a-mongosh-2.3.7.drv",
      "description": "MongoDB Shell",
      "install_id": "mongosh",
      "license": "Apache-2.0",
      "locked_url": "https://github.com/flox/nixpkgs?rev=eb62e6aa39ea67e0b8018ba8ea077efe65807dc8",
      "name": "mongosh-2.3.7",
      "pname": "mongosh",
      "rev": "eb62e6aa39ea67e0b8018ba8ea077efe65807dc8",
      "rev_count": 738172,
      "rev_date": "2025-01-14T19:41:48Z",
      "scrape_date": "2025-01-16T00:14:48Z",
      "stabilities": [
        "staging",
        "unstable"
      ],
      "unfree": false,
      "version": "2.3.7",
      "outputs_to_install": [
        "out"
      ],
      "outputs": {
        "out": "/nix/store/y1x6wa64r5fg2rz9x555l42spnrrcjy9-mongosh-2.3.7"
      },
      "system": "aarch64-linux",
      "group": "toplevel",
      "priority": 5
    },
    {
      "attr_path": "mongosh",
      "broken": false,
      "derivation": "/nix/store/pk933c287h505fjf88nly7b4b6j3n329-mongosh-2.3.7.drv",
      "description": "MongoDB Shell",
      "install_id": "mongosh",
      "license": "Apache-2.0",
      "locked_url": "https://github.com/flox/nixpkgs?rev=eb62e6aa39ea67e0b8018ba8ea077efe65807dc8",
      "name": "mongosh-2.3.7",
      "pname": "mongosh",
      "rev": "eb62e6aa39ea67e0b8018ba8ea077efe65807dc8",
      "rev_count": 738172,
      "rev_date": "2025-01-14T19:41:48Z",
      "scrape_date": "2025-01-16T00:14:48Z",
      "stabilities": [
        "staging",
        "unstable"
      ],
      "unfree": false,
      "version": "2.3.7",
      "outputs_to_install": [
        "out"
      ],
      "outputs": {
        "out": "/nix/store/ngf531nl5qq689kcyql4spgapf5cqaag-mongosh-2.3.7"
      },
      "system": "x86_64-darwin",
      "group": "toplevel",
      "priority": 5
    },
    {
      "attr_path": "mongosh",
      "broken": false,
      "derivation": "/nix/store/72hqni0yqp2dd8bxdz7lzz0s78pmra32-mongosh-2.3.7.drv",
      "description": "MongoDB Shell",
      "install_id": "mongosh",
      "license": "Apache-2.0",
      "locked_url": "https://github.com/flox/nixpkgs?rev=eb62e6aa39ea67e0b8018ba8ea077efe65807dc8",
      "name": "mongosh-2.3.7",
      "pname": "mongosh",
      "rev": "eb62e6aa39ea67e0b8018ba8ea077efe65807dc8",
      "rev_count": 738172,
      "rev_date": "2025-01-14T19:41:48Z",
      "scrape_date": "2025-01-16T00:14:48Z",
      "stabilities": [
        "staging",
        "unstable"
      ],
      "unfree": false,
      "version": "2.3.7",
      "outputs_to_install": [
        "out"
      ],
      "outputs": {
        "out": "/nix/store/0rw7y6735rvjcpc2lz6c0914xjwnv3kk-mongosh-2.3.7"
      },
      "system": "x86_64-linux",
      "group": "toplevel",
      "priority": 5
    },
    {
      "attr_path": "nodejs",
      "broken": false,
      "derivation": "/nix/store/zh4vzz8z4g7k2p0iqpi8dfz6kgpxkgb1-nodejs-22.11.0.drv",
      "description": "Event-driven I/O framework for the V8 JavaScript engine",
      "install_id": "nodejs",
      "license": "MIT",
      "locked_url": "https://github.com/flox/nixpkgs?rev=eb62e6aa39ea67e0b8018ba8ea077efe65807dc8",
      "name": "nodejs-22.11.0",
      "pname": "nodejs",
      "rev": "eb62e6aa39ea67e0b8018ba8ea077efe65807dc8",
      "rev_count": 738172,
      "rev_date": "2025-01-14T19:41:48Z",
      "scrape_date": "2025-01-16T00:14:48Z",
      "stabilities": [
        "staging",
        "unstable"
      ],
      "unfree": false,
      "version": "22.11.0",
      "outputs_to_install": [
        "out"
      ],
      "outputs": {
        "libv8": "/nix/store/m3rxxwm6jp95kjmh4rklqn0d76biz6wm-nodejs-22.11.0-libv8",
        "out": "/nix/store/9vkabbbbyfn8hv5l1r8fm59d27imq460-nodejs-22.11.0"
      },
      "system": "aarch64-darwin",
      "group": "toplevel",
      "priority": 5
    },
    {
      "attr_path": "nodejs",
      "broken": false,
      "derivation": "/nix/store/q23y2j34i9ydidrllrm4gj857hqhvda1-nodejs-22.11.0.drv",
      "description": "Event-driven I/O framework for the V8 JavaScript engine",
      "install_id": "nodejs",
      "license": "MIT",
      "locked_url": "https://github.com/flox/nixpkgs?rev=eb62e6aa39ea67e0b8018ba8ea077efe65807dc8",
      "name": "nodejs-22.11.0",
      "pname": "nodejs",
      "rev": "eb62e6aa39ea67e0b8018ba8ea077efe65807dc8",
      "rev_count": 738172,
      "rev_date": "2025-01-14T19:41:48Z",
      "scrape_date": "2025-01-16T00:14:48Z",
      "stabilities": [
        "staging",
        "unstable"
      ],
      "unfree": false,
      "version": "22.11.0",
      "outputs_to_install": [
        "out"
      ],
      "outputs": {
        "libv8": "/nix/store/0xiwppqyszilzy9cg71c26fxg5qcxh89-nodejs-22.11.0-libv8",
        "out": "/nix/store/z2lznj5fq0wagkhj7nkgmb5yr4gyv0ws-nodejs-22.11.0"
      },
      "system": "aarch64-linux",
      "group": "toplevel",
      "priority": 5
    },
    {
      "attr_path": "nodejs",
      "broken": false,
      "derivation": "/nix/store/vzxxfv1f1i83bnjib0q144v5gndhci33-nodejs-22.11.0.drv",
      "description": "Event-driven I/O framework for the V8 JavaScript engine",
      "install_id": "nodejs",
      "license": "MIT",
      "locked_url": "https://github.com/flox/nixpkgs?rev=eb62e6aa39ea67e0b8018ba8ea077efe65807dc8",
      "name": "nodejs-22.11.0",
      "pname": "nodejs",
      "rev": "eb62e6aa39ea67e0b8018ba8ea077efe65807dc8",
      "rev_count": 738172,
      "rev_date": "2025-01-14T19:41:48Z",
      "scrape_date": "2025-01-16T00:14:48Z",
      "stabilities": [
        "staging",
        "unstable"
      ],
      "unfree": false,
      "version": "22.11.0",
      "outputs_to_install": [
        "out"
      ],
      "outputs": {
        "libv8": "/nix/store/mm87n14lp5akdjlfwh1yg4l93zm8gv9h-nodejs-22.11.0-libv8",
        "out": "/nix/store/s81s2z275wnjazk4ij3zvn6kslfa5ipf-nodejs-22.11.0"
      },
      "system": "x86_64-darwin",
      "group": "toplevel",
      "priority": 5
    },
    {
      "attr_path": "nodejs",
      "broken": false,
      "derivation": "/nix/store/542jkp10xz0nd5657bqksqwhhvjcmi9n-nodejs-22.11.0.drv",
      "description": "Event-driven I/O framework for the V8 JavaScript engine",
      "install_id": "nodejs",
      "license": "MIT",
      "locked_url": "https://github.com/flox/nixpkgs?rev=eb62e6aa39ea67e0b8018ba8ea077efe65807dc8",
      "name": "nodejs-22.11.0",
      "pname": "nodejs",
      "rev": "eb62e6aa39ea67e0b8018ba8ea077efe65807dc8",
      "rev_count": 738172,
      "rev_date": "2025-01-14T19:41:48Z",
      "scrape_date": "2025-01-16T00:14:48Z",
      "stabilities": [
        "staging",
        "unstable"
      ],
      "unfree": false,
      "version": "22.11.0",
      "outputs_to_install": [
        "out"
      ],
      "outputs": {
        "libv8": "/nix/store/fyaac3q8qn3zfxy72airfabm3dakmgf5-nodejs-22.11.0-libv8",
        "out": "/nix/store/fkyp1bm5gll9adnfcj92snyym524mdrj-nodejs-22.11.0"
      },
      "system": "x86_64-linux",
      "group": "toplevel",
      "priority": 5
    },
    {
      "attr_path": "pnpm_8",
      "broken": false,
      "derivation": "/nix/store/9dam3vi26b5cdkrhg2rkqay82i5pa9l8-pnpm-8.15.9.drv",
      "description": "Fast, disk space efficient package manager for JavaScript",
      "install_id": "pnpm",
      "license": "MIT",
      "locked_url": "https://github.com/flox/nixpkgs?rev=eb62e6aa39ea67e0b8018ba8ea077efe65807dc8",
      "name": "pnpm-8.15.9",
      "pname": "pnpm_8",
      "rev": "eb62e6aa39ea67e0b8018ba8ea077efe65807dc8",
      "rev_count": 738172,
      "rev_date": "2025-01-14T19:41:48Z",
      "scrape_date": "2025-01-16T00:14:48Z",
      "stabilities": [
        "staging",
        "unstable"
      ],
      "unfree": false,
      "version": "pnpm-8.15.9",
      "outputs_to_install": [
        "out"
      ],
      "outputs": {
        "out": "/nix/store/1i707arq46lg5h0in8xfgh4z4a49j6gx-pnpm-8.15.9"
      },
      "system": "aarch64-darwin",
      "group": "toplevel",
      "priority": 5
    },
    {
      "attr_path": "pnpm_8",
      "broken": false,
      "derivation": "/nix/store/88chwq7ysal9flwkdmnj9ai1zp7jqyz1-pnpm-8.15.9.drv",
      "description": "Fast, disk space efficient package manager for JavaScript",
      "install_id": "pnpm",
      "license": "MIT",
      "locked_url": "https://github.com/flox/nixpkgs?rev=eb62e6aa39ea67e0b8018ba8ea077efe65807dc8",
      "name": "pnpm-8.15.9",
      "pname": "pnpm_8",
      "rev": "eb62e6aa39ea67e0b8018ba8ea077efe65807dc8",
      "rev_count": 738172,
      "rev_date": "2025-01-14T19:41:48Z",
      "scrape_date": "2025-01-16T00:14:48Z",
      "stabilities": [
        "staging",
        "unstable"
      ],
      "unfree": false,
      "version": "pnpm-8.15.9",
      "outputs_to_install": [
        "out"
      ],
      "outputs": {
        "out": "/nix/store/8c6ljbzv9s2ns0ip6fbwx1wlb9g6bicz-pnpm-8.15.9"
      },
      "system": "aarch64-linux",
      "group": "toplevel",
      "priority": 5
    },
    {
      "attr_path": "pnpm_8",
      "broken": false,
      "derivation": "/nix/store/8pksi9mwjx2k7v1qah5ga976sq9zc1pk-pnpm-8.15.9.drv",
      "description": "Fast, disk space efficient package manager for JavaScript",
      "install_id": "pnpm",
      "license": "MIT",
      "locked_url": "https://github.com/flox/nixpkgs?rev=eb62e6aa39ea67e0b8018ba8ea077efe65807dc8",
      "name": "pnpm-8.15.9",
      "pname": "pnpm_8",
      "rev": "eb62e6aa39ea67e0b8018ba8ea077efe65807dc8",
      "rev_count": 738172,
      "rev_date": "2025-01-14T19:41:48Z",
      "scrape_date": "2025-01-16T00:14:48Z",
      "stabilities": [
        "staging",
        "unstable"
      ],
      "unfree": false,
      "version": "pnpm-8.15.9",
      "outputs_to_install": [
        "out"
      ],
      "outputs": {
        "out": "/nix/store/4089212jlfii2hja84b0n9ixn420wf6k-pnpm-8.15.9"
      },
      "system": "x86_64-darwin",
      "group": "toplevel",
      "priority": 5
    },
    {
      "attr_path": "pnpm_8",
      "broken": false,
      "derivation": "/nix/store/x5fcllw61plg826ddljrim55c12gwshp-pnpm-8.15.9.drv",
      "description": "Fast, disk space efficient package manager for JavaScript",
      "install_id": "pnpm",
      "license": "MIT",
      "locked_url": "https://github.com/flox/nixpkgs?rev=eb62e6aa39ea67e0b8018ba8ea077efe65807dc8",
      "name": "pnpm-8.15.9",
      "pname": "pnpm_8",
      "rev": "eb62e6aa39ea67e0b8018ba8ea077efe65807dc8",
      "rev_count": 738172,
      "rev_date": "2025-01-14T19:41:48Z",
      "scrape_date": "2025-01-16T00:14:48Z",
      "stabilities": [
        "staging",
        "unstable"
      ],
      "unfree": false,
      "version": "pnpm-8.15.9",
      "outputs_to_install": [
        "out"
      ],
      "outputs": {
        "out": "/nix/store/apmkhfzw4kdbd5b7g182n41fbf92d5iw-pnpm-8.15.9"
      },
      "system": "x86_64-linux",
      "group": "toplevel",
      "priority": 5
    },
    {
      "attr_path": "uv",
      "broken": false,
      "derivation": "/nix/store/v4z0gqhj9hsi5n0f5llh059hcyhqlvg8-uv-0.5.18.drv",
      "description": "Extremely fast Python package installer and resolver, written in Rust",
      "install_id": "uv",
      "license": "[ Apache-2.0, MIT ]",
      "locked_url": "https://github.com/flox/nixpkgs?rev=eb62e6aa39ea67e0b8018ba8ea077efe65807dc8",
      "name": "uv-0.5.18",
      "pname": "uv",
      "rev": "eb62e6aa39ea67e0b8018ba8ea077efe65807dc8",
      "rev_count": 738172,
      "rev_date": "2025-01-14T19:41:48Z",
      "scrape_date": "2025-01-16T00:14:48Z",
      "stabilities": [
        "staging",
        "unstable"
      ],
      "unfree": false,
      "version": "0.5.18",
      "outputs_to_install": [
        "out"
      ],
      "outputs": {
        "out": "/nix/store/rzwxis0yacabfy0krlx3z7j0bjyfv5gw-uv-0.5.18"
      },
      "system": "aarch64-darwin",
      "group": "toplevel",
      "priority": 5
    },
    {
      "attr_path": "uv",
      "broken": false,
      "derivation": "/nix/store/87jjc60sd3nwjm93ib3hpa76lwiglakh-uv-0.5.18.drv",
      "description": "Extremely fast Python package installer and resolver, written in Rust",
      "install_id": "uv",
      "license": "[ Apache-2.0, MIT ]",
      "locked_url": "https://github.com/flox/nixpkgs?rev=eb62e6aa39ea67e0b8018ba8ea077efe65807dc8",
      "name": "uv-0.5.18",
      "pname": "uv",
      "rev": "eb62e6aa39ea67e0b8018ba8ea077efe65807dc8",
      "rev_count": 738172,
      "rev_date": "2025-01-14T19:41:48Z",
      "scrape_date": "2025-01-16T00:14:48Z",
      "stabilities": [
        "staging",
        "unstable"
      ],
      "unfree": false,
      "version": "0.5.18",
      "outputs_to_install": [
        "out"
      ],
      "outputs": {
        "out": "/nix/store/1ilvmmjzg9kp4hyg785np55hwg8x7z43-uv-0.5.18"
      },
      "system": "aarch64-linux",
      "group": "toplevel",
      "priority": 5
    },
    {
      "attr_path": "uv",
      "broken": false,
      "derivation": "/nix/store/9bq0fkn50d398y6l4mmman0rjw7c33f5-uv-0.5.18.drv",
      "description": "Extremely fast Python package installer and resolver, written in Rust",
      "install_id": "uv",
      "license": "[ Apache-2.0, MIT ]",
      "locked_url": "https://github.com/flox/nixpkgs?rev=eb62e6aa39ea67e0b8018ba8ea077efe65807dc8",
      "name": "uv-0.5.18",
      "pname": "uv",
      "rev": "eb62e6aa39ea67e0b8018ba8ea077efe65807dc8",
      "rev_count": 738172,
      "rev_date": "2025-01-14T19:41:48Z",
      "scrape_date": "2025-01-16T00:14:48Z",
      "stabilities": [
        "staging",
        "unstable"
      ],
      "unfree": false,
      "version": "0.5.18",
      "outputs_to_install": [
        "out"
      ],
      "outputs": {
        "out": "/nix/store/yf1fpa9idcwpir2bj2bqws5i952z5vj3-uv-0.5.18"
      },
      "system": "x86_64-darwin",
      "group": "toplevel",
      "priority": 5
    },
    {
      "attr_path": "uv",
      "broken": false,
      "derivation": "/nix/store/dflvcpvflsixkmsdi7mxv90drrkz7qmk-uv-0.5.18.drv",
      "description": "Extremely fast Python package installer and resolver, written in Rust",
      "install_id": "uv",
      "license": "[ Apache-2.0, MIT ]",
      "locked_url": "https://github.com/flox/nixpkgs?rev=eb62e6aa39ea67e0b8018ba8ea077efe65807dc8",
      "name": "uv-0.5.18",
      "pname": "uv",
      "rev": "eb62e6aa39ea67e0b8018ba8ea077efe65807dc8",
      "rev_count": 738172,
      "rev_date": "2025-01-14T19:41:48Z",
      "scrape_date": "2025-01-16T00:14:48Z",
      "stabilities": [
        "staging",
        "unstable"
      ],
      "unfree": false,
      "version": "0.5.18",
      "outputs_to_install": [
        "out"
      ],
      "outputs": {
        "out": "/nix/store/9wfdv1xycfvlry7xqw7ssphcqqan245y-uv-0.5.18"
      },
      "system": "x86_64-linux",
      "group": "toplevel",
      "priority": 5
    }
  ]
}